
Microsoft Visual Studio Solution File, Format Version 12.00
# Visual Studio Version 17
VisualStudioVersion = 17.2.32602.215
MinimumVisualStudioVersion = 10.0.40219.1
Project("{2150E333-8FDC-42A3-9474-1A3956D46DE8}") = "Doc", "Doc", "{39C5B1F1-4CD1-42D0-8FBF-5497504DC689}"
	ProjectSection(SolutionItems) = preProject
		ReadMe.txt = ReadMe.txt
	EndProjectSection
EndProject
Project("{9A19103F-16F7-4668-BE54-9A1E7A4F7556}") = "BlogProject.Model", "BlogProject.Model\BlogProject.Model.csproj", "{641837BA-3744-4562-8EF4-67753828F509}"
EndProject
Project("{9A19103F-16F7-4668-BE54-9A1E7A4F7556}") = "BlogProject.Dal", "BlogProject.Dal\BlogProject.Dal.csproj", "{C6FD665B-CC07-480C-8CFB-AD3325F74549}"
EndProject
Project("{9A19103F-16F7-4668-BE54-9A1E7A4F7556}") = "BlogProject.Web", "BlogProject.Web\BlogProject.Web.csproj", "{2E6A9800-3361-415B-BB5D-CBCA5E137DEB}"
EndProject
Global
	GlobalSection(SolutionConfigurationPlatforms) = preSolution
		Debug|Any CPU = Debug|Any CPU
		Release|Any CPU = Release|Any CPU
	EndGlobalSection
	GlobalSection(ProjectConfigurationPlatforms) = postSolution
		{641837BA-3744-4562-8EF4-67753828F509}.Debug|Any CPU.ActiveCfg = Debug|Any CPU
		{641837BA-3744-4562-8EF4-67753828F509}.Debug|Any CPU.Build.0 = Debug|Any CPU
		{641837BA-3744-4562-8EF4-67753828F509}.Release|Any CPU.ActiveCfg = Release|Any CPU
		{641837BA-3744-4562-8EF4-67753828F509}.Release|Any CPU.Build.0 = Release|Any CPU
		{C6FD665B-CC07-480C-8CFB-AD3325F74549}.Debug|Any CPU.ActiveCfg = Debug|Any CPU
		{C6FD665B-CC07-480C-8CFB-AD3325F74549}.Debug|Any CPU.Build.0 = Debug|Any CPU
		{C6FD665B-CC07-480C-8CFB-AD3325F74549}.Release|Any CPU.ActiveCfg = Release|Any CPU
		{C6FD665B-CC07-480C-8CFB-AD3325F74549}.Release|Any CPU.Build.0 = Release|Any CPU
		{2E6A9800-3361-415B-BB5D-CBCA5E137DEB}.Debug|Any CPU.ActiveCfg = Debug|Any CPU
		{2E6A9800-3361-415B-BB5D-CBCA5E137DEB}.Debug|Any CPU.Build.0 = Debug|Any CPU
		{2E6A9800-3361-415B-BB5D-CBCA5E137DEB}.Release|Any CPU.ActiveCfg = Release|Any CPU
		{2E6A9800-3361-415B-BB5D-CBCA5E137DEB}.Release|Any CPU.Build.0 = Release|Any CPU
	EndGlobalSection
	GlobalSection(SolutionProperties) = preSolution
		HideSolutionNode = FALSE
	EndGlobalSection
	GlobalSection(ExtensibilityGlobals) = postSolution
		SolutionGuid = {AF726BD0-9507-42DE-A947-105F4AD0B869}
	EndGlobalSection
EndGlobal
